// !$*UTF8*$!
{
	archiveVersion = 1;
	classes = {
	};
	objectVersion = 46;
	objects = {

/* Begin PBXBuildFile section */
		D429DD2E1CDAE2C400759EAE /* AppDelegate.swift in Sources */ = {isa = PBXBuildFile; fileRef = D429DD2D1CDAE2C400759EAE /* AppDelegate.swift */; };
		D429DD301CDAE2C400759EAE /* ViewController.swift in Sources */ = {isa = PBXBuildFile; fileRef = D429DD2F1CDAE2C400759EAE /* ViewController.swift */; };
		D429DD331CDAE2C400759EAE /* Main.storyboard in Resources */ = {isa = PBXBuildFile; fileRef = D429DD311CDAE2C400759EAE /* Main.storyboard */; };
		D429DD351CDAE2C400759EAE /* Assets.xcassets in Resources */ = {isa = PBXBuildFile; fileRef = D429DD341CDAE2C400759EAE /* Assets.xcassets */; };
		D429DD381CDAE2C400759EAE /* LaunchScreen.storyboard in Resources */ = {isa = PBXBuildFile; fileRef = D429DD361CDAE2C400759EAE /* LaunchScreen.storyboard */; };
		D429DD401CDAE35F00759EAE /* MenuView.swift in Sources */ = {isa = PBXBuildFile; fileRef = D429DD3F1CDAE35F00759EAE /* MenuView.swift */; };
/* End PBXBuildFile section */

/* Begin PBXFileReference section */
		D429DD2A1CDAE2C400759EAE /* MenuView.app */ = {isa = PBXFileReference; explicitFileType = wrapper.application; includeInIndex = 0; path = MenuView.app; sourceTree = BUILT_PRODUCTS_DIR; };
		D429DD2D1CDAE2C400759EAE /* AppDelegate.swift */ = {isa = PBXFileReference; lastKnownFileType = sourcecode.swift; path = AppDelegate.swift; sourceTree = "<group>"; };
		D429DD2F1CDAE2C400759EAE /* ViewController.swift */ = {isa = PBXFileReference; lastKnownFileType = sourcecode.swift; path = ViewController.swift; sourceTree = "<group>"; };
		D429DD321CDAE2C400759EAE /* Base */ = {isa = PBXFileReference; lastKnownFileType = file.storyboard; name = Base; path = Base.lproj/Main.storyboard; sourceTree = "<group>"; };
		D429DD341CDAE2C400759EAE /* Assets.xcassets */ = {isa = PBXFileReference; lastKnownFileType = folder.assetcatalog; path = Assets.xcassets; sourceTree = "<group>"; };
		D429DD371CDAE2C400759EAE /* Base */ = {isa = PBXFileReference; lastKnownFileType = file.storyboard; name = Base; path = Base.lproj/LaunchScreen.storyboard; sourceTree = "<group>"; };
		D429DD391CDAE2C400759EAE /* Info.plist */ = {isa = PBXFileReference; lastKnownFileType = text.plist.xml; path = Info.plist; sourceTree = "<group>"; };
		D429DD3F1CDAE35F00759EAE /* MenuView.swift */ = {isa = PBXFileReference; fileEncoding = 4; lastKnownFileType = sourcecode.swift; path = MenuView.swift; sourceTree = "<group>"; };
/* End PBXFileReference section */

/* Begin PBXFrameworksBuildPhase section */
		D429DD271CDAE2C400759EAE /* Frameworks */ = {
			isa = PBXFrameworksBuildPhase;
			buildActionMask = 2147483647;
			files = (
			);
			runOnlyForDeploymentPostprocessing = 0;
		};
/* End PBXFrameworksBuildPhase section */

/* Begin PBXGroup section */
		D429DD211CDAE2C400759EAE = {
			isa = PBXGroup;
			children = (
				D429DD2C1CDAE2C400759EAE /* MenuView */,
				D429DD2B1CDAE2C400759EAE /* Products */,
			);
			sourceTree = "<group>";
		};
		D429DD2B1CDAE2C400759EAE /* Products */ = {
			isa = PBXGroup;
			children = (
				D429DD2A1CDAE2C400759EAE /* MenuView.app */,
			);
			name = Products;
			sourceTree = "<group>";
		};
		D429DD2C1CDAE2C400759EAE /* MenuView */ = {
			isa = PBXGroup;
			children = (
				D429DD3F1CDAE35F00759EAE /* MenuView.swift */,
				D429DD2D1CDAE2C400759EAE /* AppDelegate.swift */,
				D429DD2F1CDAE2C400759EAE /* ViewController.swift */,
				D429DD311CDAE2C400759EAE /* Main.storyboard */,
				D429DD341CDAE2C400759EAE /* Assets.xcassets */,
				D429DD361CDAE2C400759EAE /* LaunchScreen.storyboard */,
				D429DD391CDAE2C400759EAE /* Info.plist */,
			);
			path = MenuView;
			sourceTree = "<group>";
		};
/* End PBXGroup section */

/* Begin PBXNativeTarget section */
		D429DD291CDAE2C400759EAE /* MenuView */ = {
			isa = PBXNativeTarget;
			buildConfigurationList = D429DD3C1CDAE2C400759EAE /* Build configuration list for PBXNativeTarget "MenuView" */;
			buildPhases = (
				D429DD261CDAE2C400759EAE /* Sources */,
				D429DD271CDAE2C400759EAE /* Frameworks */,
				D429DD281CDAE2C400759EAE /* Resources */,
			);
			buildRules = (
			);
			dependencies = (
			);
			name = MenuView;
			productName = MenuView;
			productReference = D429DD2A1CDAE2C400759EAE /* MenuView.app */;
			productType = "com.apple.product-type.application";
		};
/* End PBXNativeTarget section */

/* Begin PBXProject section */
		D429DD221CDAE2C400759EAE /* Project object */ = {
			isa = PBXProject;
			attributes = {
				LastSwiftUpdateCheck = 0730;
				LastUpgradeCheck = 0730;
				ORGANIZATIONNAME = tanson;
				TargetAttributes = {
					D429DD291CDAE2C400759EAE = {
						CreatedOnToolsVersion = 7.3;
						DevelopmentTeam = 22EJHDNHE4;
					};
				};
			};
			buildConfigurationList = D429DD251CDAE2C400759EAE /* Build configuration list for PBXProject "MenuView" */;
			compatibilityVersion = "Xcode 3.2";
			developmentRegion = English;
			hasScannedForEncodings = 0;
			knownRegions = (
				en,
				Base,
			);
			mainGroup = D429DD211CDAE2C400759EAE;
			productRefGroup = D429DD2B1CDAE2C400759EAE /* Products */;
			projectDirPath = "";
			projectRoot = "";
			targets = (
				D429DD291CDAE2C400759EAE /* MenuView */,
			);
		};
/* End PBXProject section */

/* Begin PBXResourcesBuildPhase section */
		D429DD281CDAE2C400759EAE /* Resources */ = {
			isa = PBXResourcesBuildPhase;
			buildActionMask = 2147483647;
			files = (
				D429DD381CDAE2C400759EAE /* LaunchScreen.storyboard in Resources */,
				D429DD351CDAE2C400759EAE /* Assets.xcassets in Resources */,
				D429DD331CDAE2C400759EAE /* Main.storyboard in Resources */,
			);
			runOnlyForDeploymentPostprocessing = 0;
		};
/* End PBXResourcesBuildPhase section */

/* Begin PBXSourcesBuildPhase section */
		D429DD261CDAE2C400759EAE /* Sources */ = {
			isa = PBXSourcesBuildPhase;
			buildActionMask = 2147483647;
			files = (
				D429DD301CDAE2C400759EAE /* ViewController.swift in Sources */,
				D429DD401CDAE35F00759EAE /* MenuView.swift in Sources */,
				D429DD2E1CDAE2C400759EAE /* AppDelegate.swift in Sources */,
			);
			runOnlyForDeploymentPostprocessing = 0;
		};
/* End PBXSourcesBuildPhase section */

/* Begin PBXVariantGroup section */
		D429DD311CDAE2C400759EAE /* Main.storyboard */ = {
			isa = PBXVariantGroup;
			children = (
				D429DD321CDAE2C400759EAE /* Base */,
			);
			name = Main.storyboard;
			sourceTree = "<group>";
		};
		D429DD361CDAE2C400759EAE /* LaunchScreen.storyboard */ = {
			isa = PBXVariantGroup;
			children = (
				D429DD371CDAE2C400759EAE /* Base */,
			);
			name = LaunchScreen.storyboard;
			sourceTree = "<group>";
		};
/* End PBXVariantGroup section */

/* Begin XCBuildConfiguration section */
		D429DD3A1CDAE2C400759EAE /* Debug */ = {
			isa = XCBuildConfiguration;
			buildSettings = {
				ALWAYS_SEARCH_USER_PATHS = NO;
				CLANG_ANALYZER_NONNULL = YES;
				CLANG_CXX_LANGUAGE_STANDARD = "gnu++0x";
				CLANG_CXX_LIBRARY = "libc++";
				CLANG_ENABLE_MODULES = YES;
				CLANG_ENABLE_OBJC_ARC = YES;
				CLANG_WARN_BOOL_CONVERSION = YES;
				CLANG_WARN_CONSTANT_CONVERSION = YES;
				CLANG_WARN_DIRECT_OBJC_ISA_USAGE = YES_ERROR;
				CLANG_WARN_EMPTY_BODY = YES;
				CLANG_WARN_ENUM_CONVERSION = YES;
				CLANG_WARN_INT_CONVERSION = YES;
				CLANG_WARN_OBJC_ROOT_CLASS = YES_ERROR;
				CLANG_WARN_UNREACHABLE_CODE = YES;
				CLANG_WARN__DUPLICATE_METHOD_MATCH = YES;
				"CODE_SIGN_IDENTITY[sdk=iphoneos*]" = "iPhone Developer";
				COPY_PHASE_STRIP = NO;
				DEBUG_INFORMATION_FORMAT = dwarf;
				ENABLE_STRICT_OBJC_MSGSEND = YES;
				ENABLE_TESTABILITY = YES;
				GCC_C_LANGUAGE_STANDARD = gnu99;
				GCC_DYNAMIC_NO_PIC = NO;
				GCC_NO_COMMON_BLOCKS = YES;
				GCC_OPTIMIZATION_LEVEL = 0;
				GCC_PREPROCESSOR_DEFINITIONS = (
					"DEBUG=1",
					"$(inherited)",
				);
				GCC_WARN_64_TO_32_BIT_CONVERSION = YES;
				GCC_WARN_ABOUT_RETURN_TYPE = YES_ERROR;
				GCC_WARN_UNDECLARED_SELECTOR = YES;
				GCC_WARN_UNINITIALIZED_AUTOS = YES_AGGRESSIVE;
				GCC_WARN_UNUSED_FUNCTION = YES;
				GCC_WARN_UNUSED_VARIABLE = YES;
				IPHONEOS_DEPLOYMENT_TARGET = 8.0;
				MTL_ENABLE_DEBUG_INFO = YES;
				ONLY_ACTIVE_ARCH = YES;
				SDKROOT = iphoneos;
				SWIFT_OPTIMIZATION_LEVEL = "-Onone";
			};
			name = Debug;
		};
		D429DD3B1CDAE2C400759EAE /* Release */ = {
			isa = XCBuildConfiguration;
			buildSettings = {
				ALWAYS_SEARCH_USER_PATHS = NO;
				CLANG_ANALYZER_NONNULL = YES;
				CLANG_CXX_LANGUAGE_STANDARD = "gnu++0x";
				CLANG_CXX_LIBRARY = "libc++";
				CLANG_ENABLE_MODULES = YES;
				CLANG_ENABLE_OBJC_ARC = YES;
				CLANG_WARN_BOOL_CONVERSION = YES;
				CLANG_WARN_CONSTANT_CONVERSION = YES;
				CLANG_WARN_DIRECT_OBJC_ISA_USAGE = YES_ERROR;
				CLANG_WARN_EMPTY_BODY = YES;
				CLANG_WARN_ENUM_CONVERSION = YES;
				CLANG_WARN_INT_CONVERSION = YES;
				CLANG_WARN_OBJC_ROOT_CLASS = YES_ERROR;
				CLANG_WARN_UNREACHABLE_CODE = YES;
				CLANG_WARN__DUPLICATE_METHOD_MATCH = YES;
				"CODE_SIGN_IDENTITY[sdk=iphoneos*]" = "iPhone Developer";
				COPY_PHASE_STRIP = NO;
				DEBUG_INFORMATION_FORMAT = "dwarf-with-dsym";
				ENABLE_NS_ASSERTIONS = NO;
				ENABLE_STRICT_OBJC_MSGSEND = YES;
				GCC_C_LANGUAGE_STANDARD = gnu99;
				GCC_NO_COMMON_BLOCKS = YES;
				GCC_WARN_64_TO_32_BIT_CONVERSION = YES;
				GCC_WARN_ABOUT_RETURN_TYPE = YES_ERROR;
				GCC_WARN_UNDECLARED_SELECTOR = YES;
				GCC_WARN_UNINITIALIZED_AUTOS = YES_AGGRESSIVE;
				GCC_WARN_UNUSED_FUNCTION = YES;
				GCC_WARN_UNUSED_VARIABLE = YES;
				IPHONEOS_DEPLOYMENT_TARGET = 8.0;
				MTL_ENABLE_DEBUG_INFO = NO;
				SDKROOT = iphoneos;
				VALIDATE_PRODUCT = YES;
			};
			name = Release;
		};
		D429DD3D1CDAE2C400759EAE /* Debug */ = {
			isa = XCBuildConfiguration;
			buildSettings = {
				ASSETCATALOG_COMPILER_APPICON_NAME = AppIcon;
				INFOPLIST_FILE = MenuView/Info.plist;
				IPHONEOS_DEPLOYMENT_TARGET = 8.0;
				LD_RUNPATH_SEARCH_PATHS = "$(inherited) @executable_path/Frameworks";
				PRODUCT_BUNDLE_IDENTIFIER = com.tanson.TTKit.MenuView;
				PRODUCT_NAME = "$(TARGET_NAME)";
			};
			name = Debug;
		};
		D429DD3E1CDAE2C400759EAE /* Release */ = {
			isa = XCBuildConfiguration;
			buildSettings = {
				ASSETCATALOG_COMPILER_APPICON_NAME = AppIcon;
				INFOPLIST_FILE = MenuView/Info.plist;
				IPHONEOS_DEPLOYMENT_TARGET = 8.0;
				LD_RUNPATH_SEARCH_PATHS = "$(inherited) @executable_path/Frameworks";
				PRODUCT_BUNDLE_IDENTIFIER = com.tanson.TTKit.MenuView;
				PRODUCT_NAME = "$(TARGET_NAME)";
			};
			name = Release;
		};
/* End XCBuildConfiguration section */

/* Begin XCConfigurationList section */
		D429DD251CDAE2C400759EAE /* Build configuration list for PBXProject "MenuView" */ = {
			isa = XCConfigurationList;
			buildConfigurations = (
				D429DD3A1CDAE2C400759EAE /* Debug */,
				D429DD3B1CDAE2C400759EAE /* Release */,
			);
			defaultConfigurationIsVisible = 0;
			defaultConfigurationName = Release;
		};
		D429DD3C1CDAE2C400759EAE /* Build configuration list for PBXNativeTarget "MenuView" */ = {
			isa = XCConfigurationList;
			buildConfigurations = (
				D429DD3D1CDAE2C400759EAE /* Debug */,
				D429DD3E1CDAE2C400759EAE /* Release */,
			);
			defaultConfigurationIsVisible = 0;
		};
/* End XCConfigurationList section */
	};
	rootObject = D429DD221CDAE2C400759EAE /* Project object */;
}
